
Microsoft Visual Studio Solution File, Format Version 12.00
# Visual Studio Version 17
VisualStudioVersion = 17.8.34309.116
MinimumVisualStudioVersion = 10.0.40219.1
Project("{FAE04EC0-301F-11D3-BF4B-00C04F79EFBC}") = "Biblioteca.API", "Biblioteca.API\Biblioteca.API.csproj", "{559BABE6-2D59-4E01-8F46-24F8B51C602E}"
EndProject
Project("{FAE04EC0-301F-11D3-BF4B-00C04F79EFBC}") = "Biblioteca.BL", "Biblioteca.BL\Biblioteca.BL.csproj", "{B2B65BF7-8E8A-43EF-8DB1-5C66C68784F6}"
EndProject
Project("{FAE04EC0-301F-11D3-BF4B-00C04F79EFBC}") = "Biblioteca.Common", "Biblioteca.Common\Biblioteca.Common.csproj", "{B79BA064-7E31-4996-8283-2718876D29F6}"
EndProject
Project("{FAE04EC0-301F-11D3-BF4B-00C04F79EFBC}") = "Biblioteca.DAL", "Biblioteca.DAL\Biblioteca.DAL.csproj", "{7B74E64D-72BB-42BE-B57B-7E9E82015B37}"
EndProject
Project("{FAE04EC0-301F-11D3-BF4B-00C04F79EFBC}") = "Biblioteca.Entites", "Biblioteca.Entites\Biblioteca.Entites.csproj", "{895DDB2B-7233-4BEF-A24B-30EF6A4E4107}"
EndProject
Global
	GlobalSection(SolutionConfigurationPlatforms) = preSolution
		Debug|Any CPU = Debug|Any CPU
		Release|Any CPU = Release|Any CPU
	EndGlobalSection
	GlobalSection(ProjectConfigurationPlatforms) = postSolution
		{559BABE6-2D59-4E01-8F46-24F8B51C602E}.Debug|Any CPU.ActiveCfg = Debug|Any CPU
		{559BABE6-2D59-4E01-8F46-24F8B51C602E}.Debug|Any CPU.Build.0 = Debug|Any CPU
		{559BABE6-2D59-4E01-8F46-24F8B51C602E}.Release|Any CPU.ActiveCfg = Release|Any CPU
		{559BABE6-2D59-4E01-8F46-24F8B51C602E}.Release|Any CPU.Build.0 = Release|Any CPU
		{B2B65BF7-8E8A-43EF-8DB1-5C66C68784F6}.Debug|Any CPU.ActiveCfg = Debug|Any CPU
		{B2B65BF7-8E8A-43EF-8DB1-5C66C68784F6}.Debug|Any CPU.Build.0 = Debug|Any CPU
		{B2B65BF7-8E8A-43EF-8DB1-5C66C68784F6}.Release|Any CPU.ActiveCfg = Release|Any CPU
		{B2B65BF7-8E8A-43EF-8DB1-5C66C68784F6}.Release|Any CPU.Build.0 = Release|Any CPU
		{B79BA064-7E31-4996-8283-2718876D29F6}.Debug|Any CPU.ActiveCfg = Debug|Any CPU
		{B79BA064-7E31-4996-8283-2718876D29F6}.Debug|Any CPU.Build.0 = Debug|Any CPU
		{B79BA064-7E31-4996-8283-2718876D29F6}.Release|Any CPU.ActiveCfg = Release|Any CPU
		{B79BA064-7E31-4996-8283-2718876D29F6}.Release|Any CPU.Build.0 = Release|Any CPU
		{7B74E64D-72BB-42BE-B57B-7E9E82015B37}.Debug|Any CPU.ActiveCfg = Debug|Any CPU
		{7B74E64D-72BB-42BE-B57B-7E9E82015B37}.Debug|Any CPU.Build.0 = Debug|Any CPU
		{7B74E64D-72BB-42BE-B57B-7E9E82015B37}.Release|Any CPU.ActiveCfg = Release|Any CPU
		{7B74E64D-72BB-42BE-B57B-7E9E82015B37}.Release|Any CPU.Build.0 = Release|Any CPU
		{895DDB2B-7233-4BEF-A24B-30EF6A4E4107}.Debug|Any CPU.ActiveCfg = Debug|Any CPU
		{895DDB2B-7233-4BEF-A24B-30EF6A4E4107}.Debug|Any CPU.Build.0 = Debug|Any CPU
		{895DDB2B-7233-4BEF-A24B-30EF6A4E4107}.Release|Any CPU.ActiveCfg = Release|Any CPU
		{895DDB2B-7233-4BEF-A24B-30EF6A4E4107}.Release|Any CPU.Build.0 = Release|Any CPU
	EndGlobalSection
	GlobalSection(SolutionProperties) = preSolution
		HideSolutionNode = FALSE
	EndGlobalSection
	GlobalSection(ExtensibilityGlobals) = postSolution
		SolutionGuid = {14AD5AFA-3FB1-48DC-A6B2-F70D0E471075}
	EndGlobalSection
EndGlobal
